// !$*UTF8*$!
{
	archiveVersion = 1;
	classes = {
	};
	objectVersion = 50;
	objects = {

/* Begin PBXBuildFile section */
		E914AECB247B57DB00B45768 /* AppDelegate.swift in Sources */ = {isa = PBXBuildFile; fileRef = E914AECA247B57DB00B45768 /* AppDelegate.swift */; };
		E914AECD247B57DB00B45768 /* SceneDelegate.swift in Sources */ = {isa = PBXBuildFile; fileRef = E914AECC247B57DB00B45768 /* SceneDelegate.swift */; };
		E914AECF247B57DB00B45768 /* ViewController.swift in Sources */ = {isa = PBXBuildFile; fileRef = E914AECE247B57DB00B45768 /* ViewController.swift */; };
		E914AED2247B57DB00B45768 /* Main.storyboard in Resources */ = {isa = PBXBuildFile; fileRef = E914AED0247B57DB00B45768 /* Main.storyboard */; };
		E914AED4247B57DE00B45768 /* Assets.xcassets in Resources */ = {isa = PBXBuildFile; fileRef = E914AED3247B57DE00B45768 /* Assets.xcassets */; };
		E914AED7247B57DE00B45768 /* LaunchScreen.storyboard in Resources */ = {isa = PBXBuildFile; fileRef = E914AED5247B57DE00B45768 /* LaunchScreen.storyboard */; };
		E914AEE1247B602000B45768 /* KsoKagerou.otf in Resources */ = {isa = PBXBuildFile; fileRef = E914AEDE247B5CAB00B45768 /* KsoKagerou.otf */; };
/* End PBXBuildFile section */

/* Begin PBXFileReference section */
		E914AEC7247B57DB00B45768 /* MuscleTraining-App.app */ = {isa = PBXFileReference; explicitFileType = wrapper.application; includeInIndex = 0; path = "MuscleTraining-App.app"; sourceTree = BUILT_PRODUCTS_DIR; };
		E914AECA247B57DB00B45768 /* AppDelegate.swift */ = {isa = PBXFileReference; lastKnownFileType = sourcecode.swift; path = AppDelegate.swift; sourceTree = "<group>"; };
		E914AECC247B57DB00B45768 /* SceneDelegate.swift */ = {isa = PBXFileReference; lastKnownFileType = sourcecode.swift; path = SceneDelegate.swift; sourceTree = "<group>"; };
		E914AECE247B57DB00B45768 /* ViewController.swift */ = {isa = PBXFileReference; lastKnownFileType = sourcecode.swift; path = ViewController.swift; sourceTree = "<group>"; };
		E914AED1247B57DB00B45768 /* Base */ = {isa = PBXFileReference; lastKnownFileType = file.storyboard; name = Base; path = Base.lproj/Main.storyboard; sourceTree = "<group>"; };
		E914AED3247B57DE00B45768 /* Assets.xcassets */ = {isa = PBXFileReference; lastKnownFileType = folder.assetcatalog; path = Assets.xcassets; sourceTree = "<group>"; };
		E914AED6247B57DE00B45768 /* Base */ = {isa = PBXFileReference; lastKnownFileType = file.storyboard; name = Base; path = Base.lproj/LaunchScreen.storyboard; sourceTree = "<group>"; };
		E914AED8247B57DE00B45768 /* Info.plist */ = {isa = PBXFileReference; lastKnownFileType = text.plist.xml; path = Info.plist; sourceTree = "<group>"; };
		E914AEDE247B5CAB00B45768 /* KsoKagerou.otf */ = {isa = PBXFileReference; lastKnownFileType = file; path = KsoKagerou.otf; sourceTree = "<group>"; };
/* End PBXFileReference section */

/* Begin PBXFrameworksBuildPhase section */
		E914AEC4247B57DA00B45768 /* Frameworks */ = {
			isa = PBXFrameworksBuildPhase;
			buildActionMask = 2147483647;
			files = (
			);
			runOnlyForDeploymentPostprocessing = 0;
		};
/* End PBXFrameworksBuildPhase section */

/* Begin PBXGroup section */
		E914AEBE247B57DA00B45768 = {
			isa = PBXGroup;
			children = (
				E914AEC9247B57DB00B45768 /* MuscleTraining-App */,
				E914AEC8247B57DB00B45768 /* Products */,
			);
			sourceTree = "<group>";
		};
		E914AEC8247B57DB00B45768 /* Products */ = {
			isa = PBXGroup;
			children = (
				E914AEC7247B57DB00B45768 /* MuscleTraining-App.app */,
			);
			name = Products;
			sourceTree = "<group>";
		};
		E914AEC9247B57DB00B45768 /* MuscleTraining-App */ = {
			isa = PBXGroup;
			children = (
				E914AECA247B57DB00B45768 /* AppDelegate.swift */,
				E914AECC247B57DB00B45768 /* SceneDelegate.swift */,
				E914AECE247B57DB00B45768 /* ViewController.swift */,
				E914AED0247B57DB00B45768 /* Main.storyboard */,
				E914AED3247B57DE00B45768 /* Assets.xcassets */,
				E914AED5247B57DE00B45768 /* LaunchScreen.storyboard */,
				E914AED8247B57DE00B45768 /* Info.plist */,
				E914AEE0247B5F6200B45768 /* Font */,
			);
			path = "MuscleTraining-App";
			sourceTree = "<group>";
		};
		E914AEE0247B5F6200B45768 /* Font */ = {
			isa = PBXGroup;
			children = (
				E914AEDE247B5CAB00B45768 /* KsoKagerou.otf */,
			);
			path = Font;
			sourceTree = "<group>";
		};
/* End PBXGroup section */

/* Begin PBXNativeTarget section */
		E914AEC6247B57DA00B45768 /* MuscleTraining-App */ = {
			isa = PBXNativeTarget;
			buildConfigurationList = E914AEDB247B57DE00B45768 /* Build configuration list for PBXNativeTarget "MuscleTraining-App" */;
			buildPhases = (
				E914AEC3247B57DA00B45768 /* Sources */,
				E914AEC4247B57DA00B45768 /* Frameworks */,
				E914AEC5247B57DA00B45768 /* Resources */,
			);
			buildRules = (
			);
			dependencies = (
			);
			name = "MuscleTraining-App";
			productName = "MuscleTraining-App";
			productReference = E914AEC7247B57DB00B45768 /* MuscleTraining-App.app */;
			productType = "com.apple.product-type.application";
		};
/* End PBXNativeTarget section */

/* Begin PBXProject section */
		E914AEBF247B57DA00B45768 /* Project object */ = {
			isa = PBXProject;
			attributes = {
				LastSwiftUpdateCheck = 1130;
				LastUpgradeCheck = 1130;
				ORGANIZATIONNAME = haruka;
				TargetAttributes = {
					E914AEC6247B57DA00B45768 = {
						CreatedOnToolsVersion = 11.3;
					};
				};
			};
			buildConfigurationList = E914AEC2247B57DA00B45768 /* Build configuration list for PBXProject "MuscleTraining-App" */;
			compatibilityVersion = "Xcode 9.3";
			developmentRegion = en;
			hasScannedForEncodings = 0;
			knownRegions = (
				en,
				Base,
			);
			mainGroup = E914AEBE247B57DA00B45768;
			productRefGroup = E914AEC8247B57DB00B45768 /* Products */;
			projectDirPath = "";
			projectRoot = "";
			targets = (
				E914AEC6247B57DA00B45768 /* MuscleTraining-App */,
			);
		};
/* End PBXProject section */

/* Begin PBXResourcesBuildPhase section */
		E914AEC5247B57DA00B45768 /* Resources */ = {
			isa = PBXResourcesBuildPhase;
			buildActionMask = 2147483647;
			files = (
				E914AEE1247B602000B45768 /* KsoKagerou.otf in Resources */,
				E914AED7247B57DE00B45768 /* LaunchScreen.storyboard in Resources */,
				E914AED4247B57DE00B45768 /* Assets.xcassets in Resources */,
				E914AED2247B57DB00B45768 /* Main.storyboard in Resources */,
			);
			runOnlyForDeploymentPostprocessing = 0;
		};
/* End PBXResourcesBuildPhase section */

/* Begin PBXSourcesBuildPhase section */
		E914AEC3247B57DA00B45768 /* Sources */ = {
			isa = PBXSourcesBuildPhase;
			buildActionMask = 2147483647;
			files = (
				E914AECF247B57DB00B45768 /* ViewController.swift in Sources */,
				E914AECB247B57DB00B45768 /* AppDelegate.swift in Sources */,
				E914AECD247B57DB00B45768 /* SceneDelegate.swift in Sources */,
			);
			runOnlyForDeploymentPostprocessing = 0;
		};
/* End PBXSourcesBuildPhase section */

/* Begin PBXVariantGroup section */
		E914AED0247B57DB00B45768 /* Main.storyboard */ = {
			isa = PBXVariantGroup;
			children = (
				E914AED1247B57DB00B45768 /* Base */,
			);
			name = Main.storyboard;
			sourceTree = "<group>";
		};
		E914AED5247B57DE00B45768 /* LaunchScreen.storyboard */ = {
			isa = PBXVariantGroup;
			children = (
				E914AED6247B57DE00B45768 /* Base */,
			);
			name = LaunchScreen.storyboard;
			sourceTree = "<group>";
		};
/* End PBXVariantGroup section */

/* Begin XCBuildConfiguration section */
		E914AED9247B57DE00B45768 /* Debug */ = {
			isa = XCBuildConfiguration;
			buildSettings = {
				ALWAYS_SEARCH_USER_PATHS = NO;
				CLANG_ANALYZER_NONNULL = YES;
				CLANG_ANALYZER_NUMBER_OBJECT_CONVERSION = YES_AGGRESSIVE;
				CLANG_CXX_LANGUAGE_STANDARD = "gnu++14";
				CLANG_CXX_LIBRARY = "libc++";
				CLANG_ENABLE_MODULES = YES;
				CLANG_ENABLE_OBJC_ARC = YES;
				CLANG_ENABLE_OBJC_WEAK = YES;
				CLANG_WARN_BLOCK_CAPTURE_AUTORELEASING = YES;
				CLANG_WARN_BOOL_CONVERSION = YES;
				CLANG_WARN_COMMA = YES;
				CLANG_WARN_CONSTANT_CONVERSION = YES;
				CLANG_WARN_DEPRECATED_OBJC_IMPLEMENTATIONS = YES;
				CLANG_WARN_DIRECT_OBJC_ISA_USAGE = YES_ERROR;
				CLANG_WARN_DOCUMENTATION_COMMENTS = YES;
				CLANG_WARN_EMPTY_BODY = YES;
				CLANG_WARN_ENUM_CONVERSION = YES;
				CLANG_WARN_INFINITE_RECURSION = YES;
				CLANG_WARN_INT_CONVERSION = YES;
				CLANG_WARN_NON_LITERAL_NULL_CONVERSION = YES;
				CLANG_WARN_OBJC_IMPLICIT_RETAIN_SELF = YES;
				CLANG_WARN_OBJC_LITERAL_CONVERSION = YES;
				CLANG_WARN_OBJC_ROOT_CLASS = YES_ERROR;
				CLANG_WARN_RANGE_LOOP_ANALYSIS = YES;
				CLANG_WARN_STRICT_PROTOTYPES = YES;
				CLANG_WARN_SUSPICIOUS_MOVE = YES;
				CLANG_WARN_UNGUARDED_AVAILABILITY = YES_AGGRESSIVE;
				CLANG_WARN_UNREACHABLE_CODE = YES;
				CLANG_WARN__DUPLICATE_METHOD_MATCH = YES;
				COPY_PHASE_STRIP = NO;
				DEBUG_INFORMATION_FORMAT = dwarf;
				ENABLE_STRICT_OBJC_MSGSEND = YES;
				ENABLE_TESTABILITY = YES;
				GCC_C_LANGUAGE_STANDARD = gnu11;
				GCC_DYNAMIC_NO_PIC = NO;
				GCC_NO_COMMON_BLOCKS = YES;
				GCC_OPTIMIZATION_LEVEL = 0;
				GCC_PREPROCESSOR_DEFINITIONS = (
					"DEBUG=1",
					"$(inherited)",
				);
				GCC_WARN_64_TO_32_BIT_CONVERSION = YES;
				GCC_WARN_ABOUT_RETURN_TYPE = YES_ERROR;
				GCC_WARN_UNDECLARED_SELECTOR = YES;
				GCC_WARN_UNINITIALIZED_AUTOS = YES_AGGRESSIVE;
				GCC_WARN_UNUSED_FUNCTION = YES;
				GCC_WARN_UNUSED_VARIABLE = YES;
				IPHONEOS_DEPLOYMENT_TARGET = 13.2;
				MTL_ENABLE_DEBUG_INFO = INCLUDE_SOURCE;
				MTL_FAST_MATH = YES;
				ONLY_ACTIVE_ARCH = YES;
				SDKROOT = iphoneos;
				SWIFT_ACTIVE_COMPILATION_CONDITIONS = DEBUG;
				SWIFT_OPTIMIZATION_LEVEL = "-Onone";
			};
			name = Debug;
		};
		E914AEDA247B57DE00B45768 /* Release */ = {
			isa = XCBuildConfiguration;
			buildSettings = {
				ALWAYS_SEARCH_USER_PATHS = NO;
				CLANG_ANALYZER_NONNULL = YES;
				CLANG_ANALYZER_NUMBER_OBJECT_CONVERSION = YES_AGGRESSIVE;
				CLANG_CXX_LANGUAGE_STANDARD = "gnu++14";
				CLANG_CXX_LIBRARY = "libc++";
				CLANG_ENABLE_MODULES = YES;
				CLANG_ENABLE_OBJC_ARC = YES;
				CLANG_ENABLE_OBJC_WEAK = YES;
				CLANG_WARN_BLOCK_CAPTURE_AUTORELEASING = YES;
				CLANG_WARN_BOOL_CONVERSION = YES;
				CLANG_WARN_COMMA = YES;
				CLANG_WARN_CONSTANT_CONVERSION = YES;
				CLANG_WARN_DEPRECATED_OBJC_IMPLEMENTATIONS = YES;
				CLANG_WARN_DIRECT_OBJC_ISA_USAGE = YES_ERROR;
				CLANG_WARN_DOCUMENTATION_COMMENTS = YES;
				CLANG_WARN_EMPTY_BODY = YES;
				CLANG_WARN_ENUM_CONVERSION = YES;
				CLANG_WARN_INFINITE_RECURSION = YES;
				CLANG_WARN_INT_CONVERSION = YES;
				CLANG_WARN_NON_LITERAL_NULL_CONVERSION = YES;
				CLANG_WARN_OBJC_IMPLICIT_RETAIN_SELF = YES;
				CLANG_WARN_OBJC_LITERAL_CONVERSION = YES;
				CLANG_WARN_OBJC_ROOT_CLASS = YES_ERROR;
				CLANG_WARN_RANGE_LOOP_ANALYSIS = YES;
				CLANG_WARN_STRICT_PROTOTYPES = YES;
				CLANG_WARN_SUSPICIOUS_MOVE = YES;
				CLANG_WARN_UNGUARDED_AVAILABILITY = YES_AGGRESSIVE;
				CLANG_WARN_UNREACHABLE_CODE = YES;
				CLANG_WARN__DUPLICATE_METHOD_MATCH = YES;
				COPY_PHASE_STRIP = NO;
				DEBUG_INFORMATION_FORMAT = "dwarf-with-dsym";
				ENABLE_NS_ASSERTIONS = NO;
				ENABLE_STRICT_OBJC_MSGSEND = YES;
				GCC_C_LANGUAGE_STANDARD = gnu11;
				GCC_NO_COMMON_BLOCKS = YES;
				GCC_WARN_64_TO_32_BIT_CONVERSION = YES;
				GCC_WARN_ABOUT_RETURN_TYPE = YES_ERROR;
				GCC_WARN_UNDECLARED_SELECTOR = YES;
				GCC_WARN_UNINITIALIZED_AUTOS = YES_AGGRESSIVE;
				GCC_WARN_UNUSED_FUNCTION = YES;
				GCC_WARN_UNUSED_VARIABLE = YES;
				IPHONEOS_DEPLOYMENT_TARGET = 13.2;
				MTL_ENABLE_DEBUG_INFO = NO;
				MTL_FAST_MATH = YES;
				SDKROOT = iphoneos;
				SWIFT_COMPILATION_MODE = wholemodule;
				SWIFT_OPTIMIZATION_LEVEL = "-O";
				VALIDATE_PRODUCT = YES;
			};
			name = Release;
		};
		E914AEDC247B57DE00B45768 /* Debug */ = {
			isa = XCBuildConfiguration;
			buildSettings = {
				ASSETCATALOG_COMPILER_APPICON_NAME = AppIcon;
				CODE_SIGN_STYLE = Automatic;
				DEVELOPMENT_TEAM = WP7S55J7F7;
				INFOPLIST_FILE = "MuscleTraining-App/Info.plist";
				LD_RUNPATH_SEARCH_PATHS = (
					"$(inherited)",
					"@executable_path/Frameworks",
				);
				PRODUCT_BUNDLE_IDENTIFIER = "haruka.MuscleTraining-App";
				PRODUCT_NAME = "$(TARGET_NAME)";
				SWIFT_VERSION = 5.0;
				TARGETED_DEVICE_FAMILY = "1,2";
			};
			name = Debug;
		};
		E914AEDD247B57DE00B45768 /* Release */ = {
			isa = XCBuildConfiguration;
			buildSettings = {
				ASSETCATALOG_COMPILER_APPICON_NAME = AppIcon;
				CODE_SIGN_STYLE = Automatic;
				DEVELOPMENT_TEAM = WP7S55J7F7;
				INFOPLIST_FILE = "MuscleTraining-App/Info.plist";
				LD_RUNPATH_SEARCH_PATHS = (
					"$(inherited)",
					"@executable_path/Frameworks",
				);
				PRODUCT_BUNDLE_IDENTIFIER = "haruka.MuscleTraining-App";
				PRODUCT_NAME = "$(TARGET_NAME)";
				SWIFT_VERSION = 5.0;
				TARGETED_DEVICE_FAMILY = "1,2";
			};
			name = Release;
		};
/* End XCBuildConfiguration section */

/* Begin XCConfigurationList section */
		E914AEC2247B57DA00B45768 /* Build configuration list for PBXProject "MuscleTraining-App" */ = {
			isa = XCConfigurationList;
			buildConfigurations = (
				E914AED9247B57DE00B45768 /* Debug */,
				E914AEDA247B57DE00B45768 /* Release */,
			);
			defaultConfigurationIsVisible = 0;
			defaultConfigurationName = Release;
		};
		E914AEDB247B57DE00B45768 /* Build configuration list for PBXNativeTarget "MuscleTraining-App" */ = {
			isa = XCConfigurationList;
			buildConfigurations = (
				E914AEDC247B57DE00B45768 /* Debug */,
				E914AEDD247B57DE00B45768 /* Release */,
			);
			defaultConfigurationIsVisible = 0;
			defaultConfigurationName = Release;
		};
/* End XCConfigurationList section */
	};
	rootObject = E914AEBF247B57DA00B45768 /* Project object */;
}
